// !$*UTF8*$!
{
	archiveVersion = 1;
	classes = {
	};
	objectVersion = 48;
	objects = {

/* Begin PBXBuildFile section */
		806CAF161FB38480005E5917 /* ViewController2.m in Sources */ = {isa = PBXBuildFile; fileRef = 806CAF151FB38480005E5917 /* ViewController2.m */; };
		806CAF191FB3853B005E5917 /* ViewController3.m in Sources */ = {isa = PBXBuildFile; fileRef = 806CAF181FB3853B005E5917 /* ViewController3.m */; };
		80F726961FB3740400C70E44 /* AppDelegate.m in Sources */ = {isa = PBXBuildFile; fileRef = 80F726951FB3740400C70E44 /* AppDelegate.m */; };
		80F726991FB3740400C70E44 /* ViewController.m in Sources */ = {isa = PBXBuildFile; fileRef = 80F726981FB3740400C70E44 /* ViewController.m */; };
		80F7269C1FB3740400C70E44 /* Main.storyboard in Resources */ = {isa = PBXBuildFile; fileRef = 80F7269A1FB3740400C70E44 /* Main.storyboard */; };
		80F7269E1FB3740400C70E44 /* Assets.xcassets in Resources */ = {isa = PBXBuildFile; fileRef = 80F7269D1FB3740400C70E44 /* Assets.xcassets */; };
		80F726A11FB3740400C70E44 /* LaunchScreen.storyboard in Resources */ = {isa = PBXBuildFile; fileRef = 80F7269F1FB3740400C70E44 /* LaunchScreen.storyboard */; };
		80F726A41FB3740400C70E44 /* main.m in Sources */ = {isa = PBXBuildFile; fileRef = 80F726A31FB3740400C70E44 /* main.m */; };
/* End PBXBuildFile section */

/* Begin PBXFileReference section */
		806CAF141FB38480005E5917 /* ViewController2.h */ = {isa = PBXFileReference; lastKnownFileType = sourcecode.c.h; path = ViewController2.h; sourceTree = "<group>"; };
		806CAF151FB38480005E5917 /* ViewController2.m */ = {isa = PBXFileReference; lastKnownFileType = sourcecode.c.objc; path = ViewController2.m; sourceTree = "<group>"; };
		806CAF171FB3853B005E5917 /* ViewController3.h */ = {isa = PBXFileReference; lastKnownFileType = sourcecode.c.h; path = ViewController3.h; sourceTree = "<group>"; };
		806CAF181FB3853B005E5917 /* ViewController3.m */ = {isa = PBXFileReference; lastKnownFileType = sourcecode.c.objc; path = ViewController3.m; sourceTree = "<group>"; };
		80F726911FB3740400C70E44 /* lesson_65_1_Gitignore.app */ = {isa = PBXFileReference; explicitFileType = wrapper.application; includeInIndex = 0; path = lesson_65_1_Gitignore.app; sourceTree = BUILT_PRODUCTS_DIR; };
		80F726941FB3740400C70E44 /* AppDelegate.h */ = {isa = PBXFileReference; lastKnownFileType = sourcecode.c.h; path = AppDelegate.h; sourceTree = "<group>"; };
		80F726951FB3740400C70E44 /* AppDelegate.m */ = {isa = PBXFileReference; lastKnownFileType = sourcecode.c.objc; path = AppDelegate.m; sourceTree = "<group>"; };
		80F726971FB3740400C70E44 /* ViewController.h */ = {isa = PBXFileReference; lastKnownFileType = sourcecode.c.h; path = ViewController.h; sourceTree = "<group>"; };
		80F726981FB3740400C70E44 /* ViewController.m */ = {isa = PBXFileReference; lastKnownFileType = sourcecode.c.objc; path = ViewController.m; sourceTree = "<group>"; };
		80F7269B1FB3740400C70E44 /* Base */ = {isa = PBXFileReference; lastKnownFileType = file.storyboard; name = Base; path = Base.lproj/Main.storyboard; sourceTree = "<group>"; };
		80F7269D1FB3740400C70E44 /* Assets.xcassets */ = {isa = PBXFileReference; lastKnownFileType = folder.assetcatalog; path = Assets.xcassets; sourceTree = "<group>"; };
		80F726A01FB3740400C70E44 /* Base */ = {isa = PBXFileReference; lastKnownFileType = file.storyboard; name = Base; path = Base.lproj/LaunchScreen.storyboard; sourceTree = "<group>"; };
		80F726A21FB3740400C70E44 /* Info.plist */ = {isa = PBXFileReference; lastKnownFileType = text.plist.xml; path = Info.plist; sourceTree = "<group>"; };
		80F726A31FB3740400C70E44 /* main.m */ = {isa = PBXFileReference; lastKnownFileType = sourcecode.c.objc; path = main.m; sourceTree = "<group>"; };
/* End PBXFileReference section */

/* Begin PBXFrameworksBuildPhase section */
		80F7268E1FB3740400C70E44 /* Frameworks */ = {
			isa = PBXFrameworksBuildPhase;
			buildActionMask = 2147483647;
			files = (
			);
			runOnlyForDeploymentPostprocessing = 0;
		};
/* End PBXFrameworksBuildPhase section */

/* Begin PBXGroup section */
		80F726881FB3740400C70E44 = {
			isa = PBXGroup;
			children = (
				80F726931FB3740400C70E44 /* lesson_65_1_Gitignore */,
				80F726921FB3740400C70E44 /* Products */,
			);
			sourceTree = "<group>";
		};
		80F726921FB3740400C70E44 /* Products */ = {
			isa = PBXGroup;
			children = (
				80F726911FB3740400C70E44 /* lesson_65_1_Gitignore.app */,
			);
			name = Products;
			sourceTree = "<group>";
		};
		80F726931FB3740400C70E44 /* lesson_65_1_Gitignore */ = {
			isa = PBXGroup;
			children = (
				80F726941FB3740400C70E44 /* AppDelegate.h */,
				80F726951FB3740400C70E44 /* AppDelegate.m */,
				80F726971FB3740400C70E44 /* ViewController.h */,
				80F726981FB3740400C70E44 /* ViewController.m */,
				806CAF141FB38480005E5917 /* ViewController2.h */,
				806CAF151FB38480005E5917 /* ViewController2.m */,
				806CAF171FB3853B005E5917 /* ViewController3.h */,
				806CAF181FB3853B005E5917 /* ViewController3.m */,
				80F7269A1FB3740400C70E44 /* Main.storyboard */,
				80F7269D1FB3740400C70E44 /* Assets.xcassets */,
				80F7269F1FB3740400C70E44 /* LaunchScreen.storyboard */,
				80F726A21FB3740400C70E44 /* Info.plist */,
				80F726A31FB3740400C70E44 /* main.m */,
			);
			path = lesson_65_1_Gitignore;
			sourceTree = "<group>";
		};
/* End PBXGroup section */

/* Begin PBXNativeTarget section */
		80F726901FB3740400C70E44 /* lesson_65_1_Gitignore */ = {
			isa = PBXNativeTarget;
			buildConfigurationList = 80F726A71FB3740400C70E44 /* Build configuration list for PBXNativeTarget "lesson_65_1_Gitignore" */;
			buildPhases = (
				80F7268D1FB3740400C70E44 /* Sources */,
				80F7268E1FB3740400C70E44 /* Frameworks */,
				80F7268F1FB3740400C70E44 /* Resources */,
			);
			buildRules = (
			);
			dependencies = (
			);
			name = lesson_65_1_Gitignore;
			productName = lesson_65_1_Gitignore;
			productReference = 80F726911FB3740400C70E44 /* lesson_65_1_Gitignore.app */;
			productType = "com.apple.product-type.application";
		};
/* End PBXNativeTarget section */

/* Begin PBXProject section */
		80F726891FB3740400C70E44 /* Project object */ = {
			isa = PBXProject;
			attributes = {
				LastUpgradeCheck = 0910;
				ORGANIZATIONNAME = "Sergey Podobnyy";
				TargetAttributes = {
					80F726901FB3740400C70E44 = {
						CreatedOnToolsVersion = 9.1;
						ProvisioningStyle = Automatic;
					};
				};
			};
			buildConfigurationList = 80F7268C1FB3740400C70E44 /* Build configuration list for PBXProject "lesson_65_1_Gitignore" */;
			compatibilityVersion = "Xcode 8.0";
			developmentRegion = en;
			hasScannedForEncodings = 0;
			knownRegions = (
				en,
				Base,
			);
			mainGroup = 80F726881FB3740400C70E44;
			productRefGroup = 80F726921FB3740400C70E44 /* Products */;
			projectDirPath = "";
			projectRoot = "";
			targets = (
				80F726901FB3740400C70E44 /* lesson_65_1_Gitignore */,
			);
		};
/* End PBXProject section */

/* Begin PBXResourcesBuildPhase section */
		80F7268F1FB3740400C70E44 /* Resources */ = {
			isa = PBXResourcesBuildPhase;
			buildActionMask = 2147483647;
			files = (
				80F726A11FB3740400C70E44 /* LaunchScreen.storyboard in Resources */,
				80F7269E1FB3740400C70E44 /* Assets.xcassets in Resources */,
				80F7269C1FB3740400C70E44 /* Main.storyboard in Resources */,
			);
			runOnlyForDeploymentPostprocessing = 0;
		};
/* End PBXResourcesBuildPhase section */

/* Begin PBXSourcesBuildPhase section */
		80F7268D1FB3740400C70E44 /* Sources */ = {
			isa = PBXSourcesBuildPhase;
			buildActionMask = 2147483647;
			files = (
				80F726991FB3740400C70E44 /* ViewController.m in Sources */,
				806CAF161FB38480005E5917 /* ViewController2.m in Sources */,
				80F726A41FB3740400C70E44 /* main.m in Sources */,
				80F726961FB3740400C70E44 /* AppDelegate.m in Sources */,
				806CAF191FB3853B005E5917 /* ViewController3.m in Sources */,
			);
			runOnlyForDeploymentPostprocessing = 0;
		};
/* End PBXSourcesBuildPhase section */

/* Begin PBXVariantGroup section */
		80F7269A1FB3740400C70E44 /* Main.storyboard */ = {
			isa = PBXVariantGroup;
			children = (
				80F7269B1FB3740400C70E44 /* Base */,
			);
			name = Main.storyboard;
			sourceTree = "<group>";
		};
		80F7269F1FB3740400C70E44 /* LaunchScreen.storyboard */ = {
			isa = PBXVariantGroup;
			children = (
				80F726A01FB3740400C70E44 /* Base */,
			);
			name = LaunchScreen.storyboard;
			sourceTree = "<group>";
		};
/* End PBXVariantGroup section */

/* Begin XCBuildConfiguration section */
		80F726A51FB3740400C70E44 /* Debug */ = {
			isa = XCBuildConfiguration;
			buildSettings = {
				ALWAYS_SEARCH_USER_PATHS = NO;
				CLANG_ANALYZER_NONNULL = YES;
				CLANG_ANALYZER_NUMBER_OBJECT_CONVERSION = YES_AGGRESSIVE;
				CLANG_CXX_LANGUAGE_STANDARD = "gnu++14";
				CLANG_CXX_LIBRARY = "libc++";
				CLANG_ENABLE_MODULES = YES;
				CLANG_ENABLE_OBJC_ARC = YES;
				CLANG_WARN_BLOCK_CAPTURE_AUTORELEASING = YES;
				CLANG_WARN_BOOL_CONVERSION = YES;
				CLANG_WARN_COMMA = YES;
				CLANG_WARN_CONSTANT_CONVERSION = YES;
				CLANG_WARN_DIRECT_OBJC_ISA_USAGE = YES_ERROR;
				CLANG_WARN_DOCUMENTATION_COMMENTS = YES;
				CLANG_WARN_EMPTY_BODY = YES;
				CLANG_WARN_ENUM_CONVERSION = YES;
				CLANG_WARN_INFINITE_RECURSION = YES;
				CLANG_WARN_INT_CONVERSION = YES;
				CLANG_WARN_NON_LITERAL_NULL_CONVERSION = YES;
				CLANG_WARN_OBJC_LITERAL_CONVERSION = YES;
				CLANG_WARN_OBJC_ROOT_CLASS = YES_ERROR;
				CLANG_WARN_RANGE_LOOP_ANALYSIS = YES;
				CLANG_WARN_STRICT_PROTOTYPES = YES;
				CLANG_WARN_SUSPICIOUS_MOVE = YES;
				CLANG_WARN_UNGUARDED_AVAILABILITY = YES_AGGRESSIVE;
				CLANG_WARN_UNREACHABLE_CODE = YES;
				CLANG_WARN__DUPLICATE_METHOD_MATCH = YES;
				CODE_SIGN_IDENTITY = "iPhone Developer";
				COPY_PHASE_STRIP = NO;
				DEBUG_INFORMATION_FORMAT = dwarf;
				ENABLE_STRICT_OBJC_MSGSEND = YES;
				ENABLE_TESTABILITY = YES;
				GCC_C_LANGUAGE_STANDARD = gnu11;
				GCC_DYNAMIC_NO_PIC = NO;
				GCC_NO_COMMON_BLOCKS = YES;
				GCC_OPTIMIZATION_LEVEL = 0;
				GCC_PREPROCESSOR_DEFINITIONS = (
					"DEBUG=1",
					"$(inherited)",
				);
				GCC_WARN_64_TO_32_BIT_CONVERSION = YES;
				GCC_WARN_ABOUT_RETURN_TYPE = YES_ERROR;
				GCC_WARN_UNDECLARED_SELECTOR = YES;
				GCC_WARN_UNINITIALIZED_AUTOS = YES_AGGRESSIVE;
				GCC_WARN_UNUSED_FUNCTION = YES;
				GCC_WARN_UNUSED_VARIABLE = YES;
				IPHONEOS_DEPLOYMENT_TARGET = 11.1;
				MTL_ENABLE_DEBUG_INFO = YES;
				ONLY_ACTIVE_ARCH = YES;
				SDKROOT = iphoneos;
			};
			name = Debug;
		};
		80F726A61FB3740400C70E44 /* Release */ = {
			isa = XCBuildConfiguration;
			buildSettings = {
				ALWAYS_SEARCH_USER_PATHS = NO;
				CLANG_ANALYZER_NONNULL = YES;
				CLANG_ANALYZER_NUMBER_OBJECT_CONVERSION = YES_AGGRESSIVE;
				CLANG_CXX_LANGUAGE_STANDARD = "gnu++14";
				CLANG_CXX_LIBRARY = "libc++";
				CLANG_ENABLE_MODULES = YES;
				CLANG_ENABLE_OBJC_ARC = YES;
				CLANG_WARN_BLOCK_CAPTURE_AUTORELEASING = YES;
				CLANG_WARN_BOOL_CONVERSION = YES;
				CLANG_WARN_COMMA = YES;
				CLANG_WARN_CONSTANT_CONVERSION = YES;
				CLANG_WARN_DIRECT_OBJC_ISA_USAGE = YES_ERROR;
				CLANG_WARN_DOCUMENTATION_COMMENTS = YES;
				CLANG_WARN_EMPTY_BODY = YES;
				CLANG_WARN_ENUM_CONVERSION = YES;
				CLANG_WARN_INFINITE_RECURSION = YES;
				CLANG_WARN_INT_CONVERSION = YES;
				CLANG_WARN_NON_LITERAL_NULL_CONVERSION = YES;
				CLANG_WARN_OBJC_LITERAL_CONVERSION = YES;
				CLANG_WARN_OBJC_ROOT_CLASS = YES_ERROR;
				CLANG_WARN_RANGE_LOOP_ANALYSIS = YES;
				CLANG_WARN_STRICT_PROTOTYPES = YES;
				CLANG_WARN_SUSPICIOUS_MOVE = YES;
				CLANG_WARN_UNGUARDED_AVAILABILITY = YES_AGGRESSIVE;
				CLANG_WARN_UNREACHABLE_CODE = YES;
				CLANG_WARN__DUPLICATE_METHOD_MATCH = YES;
				CODE_SIGN_IDENTITY = "iPhone Developer";
				COPY_PHASE_STRIP = NO;
				DEBUG_INFORMATION_FORMAT = "dwarf-with-dsym";
				ENABLE_NS_ASSERTIONS = NO;
				ENABLE_STRICT_OBJC_MSGSEND = YES;
				GCC_C_LANGUAGE_STANDARD = gnu11;
				GCC_NO_COMMON_BLOCKS = YES;
				GCC_WARN_64_TO_32_BIT_CONVERSION = YES;
				GCC_WARN_ABOUT_RETURN_TYPE = YES_ERROR;
				GCC_WARN_UNDECLARED_SELECTOR = YES;
				GCC_WARN_UNINITIALIZED_AUTOS = YES_AGGRESSIVE;
				GCC_WARN_UNUSED_FUNCTION = YES;
				GCC_WARN_UNUSED_VARIABLE = YES;
				IPHONEOS_DEPLOYMENT_TARGET = 11.1;
				MTL_ENABLE_DEBUG_INFO = NO;
				SDKROOT = iphoneos;
				VALIDATE_PRODUCT = YES;
			};
			name = Release;
		};
		80F726A81FB3740400C70E44 /* Debug */ = {
			isa = XCBuildConfiguration;
			buildSettings = {
				ASSETCATALOG_COMPILER_APPICON_NAME = AppIcon;
				CODE_SIGN_STYLE = Automatic;
				DEVELOPMENT_TEAM = 8WWE9QN583;
				INFOPLIST_FILE = lesson_65_1_Gitignore/Info.plist;
				IPHONEOS_DEPLOYMENT_TARGET = 9.0;
				LD_RUNPATH_SEARCH_PATHS = "$(inherited) @executable_path/Frameworks";
				PRODUCT_BUNDLE_IDENTIFIER = "Sergey-Podobnyy.lesson-65-1-Gitignore";
				PRODUCT_NAME = "$(TARGET_NAME)";
				TARGETED_DEVICE_FAMILY = "1,2";
			};
			name = Debug;
		};
		80F726A91FB3740400C70E44 /* Release */ = {
			isa = XCBuildConfiguration;
			buildSettings = {
				ASSETCATALOG_COMPILER_APPICON_NAME = AppIcon;
				CODE_SIGN_STYLE = Automatic;
				DEVELOPMENT_TEAM = 8WWE9QN583;
				INFOPLIST_FILE = lesson_65_1_Gitignore/Info.plist;
				IPHONEOS_DEPLOYMENT_TARGET = 9.0;
				LD_RUNPATH_SEARCH_PATHS = "$(inherited) @executable_path/Frameworks";
				PRODUCT_BUNDLE_IDENTIFIER = "Sergey-Podobnyy.lesson-65-1-Gitignore";
				PRODUCT_NAME = "$(TARGET_NAME)";
				TARGETED_DEVICE_FAMILY = "1,2";
			};
			name = Release;
		};
/* End XCBuildConfiguration section */

/* Begin XCConfigurationList section */
		80F7268C1FB3740400C70E44 /* Build configuration list for PBXProject "lesson_65_1_Gitignore" */ = {
			isa = XCConfigurationList;
			buildConfigurations = (
				80F726A51FB3740400C70E44 /* Debug */,
				80F726A61FB3740400C70E44 /* Release */,
			);
			defaultConfigurationIsVisible = 0;
			defaultConfigurationName = Release;
		};
		80F726A71FB3740400C70E44 /* Build configuration list for PBXNativeTarget "lesson_65_1_Gitignore" */ = {
			isa = XCConfigurationList;
			buildConfigurations = (
				80F726A81FB3740400C70E44 /* Debug */,
				80F726A91FB3740400C70E44 /* Release */,
			);
			defaultConfigurationIsVisible = 0;
			defaultConfigurationName = Release;
		};
/* End XCConfigurationList section */
	};
	rootObject = 80F726891FB3740400C70E44 /* Project object */;
}
